
Microsoft Visual Studio Solution File, Format Version 12.00
# Visual Studio Version 17
VisualStudioVersion = 17.9.34728.123
MinimumVisualStudioVersion = 10.0.40219.1
Project("{FAE04EC0-301F-11D3-BF4B-00C04F79EFBC}") = "BasicNetMentor", "BasicNetMentor.csproj", "{DBC11EBE-6B1C-4B10-A134-6EC2D0E1A4FF}"
EndProject
Global
	GlobalSection(SolutionConfigurationPlatforms) = preSolution
		Debug|Any CPU = Debug|Any CPU
		Release|Any CPU = Release|Any CPU
	EndGlobalSection
	GlobalSection(ProjectConfigurationPlatforms) = postSolution
		{DBC11EBE-6B1C-4B10-A134-6EC2D0E1A4FF}.Debug|Any CPU.ActiveCfg = Debug|Any CPU
		{DBC11EBE-6B1C-4B10-A134-6EC2D0E1A4FF}.Debug|Any CPU.Build.0 = Debug|Any CPU
		{DBC11EBE-6B1C-4B10-A134-6EC2D0E1A4FF}.Release|Any CPU.ActiveCfg = Release|Any CPU
		{DBC11EBE-6B1C-4B10-A134-6EC2D0E1A4FF}.Release|Any CPU.Build.0 = Release|Any CPU
	EndGlobalSection
	GlobalSection(SolutionProperties) = preSolution
		HideSolutionNode = FALSE
	EndGlobalSection
	GlobalSection(ExtensibilityGlobals) = postSolution
		SolutionGuid = {11BAD0F9-1879-4606-84FE-FD3E4485B9F3}
	EndGlobalSection
EndGlobal
